
Microsoft Visual Studio Solution File, Format Version 12.00
# Visual Studio 2012
Project("{FAE04EC0-301F-11D3-BF4B-00C04F79EFBC}") = "slackIntegration", "slackIntegration\slackIntegration.csproj", "{FFDE2AAC-2069-46FA-908B-2399AEC185EF}"
EndProject
Project("{FAE04EC0-301F-11D3-BF4B-00C04F79EFBC}") = "slackMessengerTester", "slackMessengerTester\slackMessengerTester.csproj", "{1A927D60-C40B-4F41-9334-3CE580CF8A9E}"
EndProject
Global
	GlobalSection(SolutionConfigurationPlatforms) = preSolution
		Debug|Any CPU = Debug|Any CPU
		Release|Any CPU = Release|Any CPU
	EndGlobalSection
	GlobalSection(ProjectConfigurationPlatforms) = postSolution
		{1A927D60-C40B-4F41-9334-3CE580CF8A9E}.Debug|Any CPU.ActiveCfg = Debug|Any CPU
		{1A927D60-C40B-4F41-9334-3CE580CF8A9E}.Debug|Any CPU.Build.0 = Debug|Any CPU
		{1A927D60-C40B-4F41-9334-3CE580CF8A9E}.Release|Any CPU.ActiveCfg = Release|Any CPU
		{1A927D60-C40B-4F41-9334-3CE580CF8A9E}.Release|Any CPU.Build.0 = Release|Any CPU
		{FFDE2AAC-2069-46FA-908B-2399AEC185EF}.Debug|Any CPU.ActiveCfg = Debug|Any CPU
		{FFDE2AAC-2069-46FA-908B-2399AEC185EF}.Debug|Any CPU.Build.0 = Debug|Any CPU
		{FFDE2AAC-2069-46FA-908B-2399AEC185EF}.Release|Any CPU.ActiveCfg = Release|Any CPU
		{FFDE2AAC-2069-46FA-908B-2399AEC185EF}.Release|Any CPU.Build.0 = Release|Any CPU
	EndGlobalSection
EndGlobal
